// !$*UTF8*$!
{
	archiveVersion = 1;
	classes = {
	};
	objectVersion = 46;
	objects = {

/* Begin PBXBuildFile section */
		E932E29816CBCE89001D70F9 /* UIKit.framework in Frameworks */ = {isa = PBXBuildFile; fileRef = E932E29716CBCE89001D70F9 /* UIKit.framework */; };
		E932E29A16CBCE89001D70F9 /* Foundation.framework in Frameworks */ = {isa = PBXBuildFile; fileRef = E932E29916CBCE89001D70F9 /* Foundation.framework */; };
		E932E29C16CBCE89001D70F9 /* CoreGraphics.framework in Frameworks */ = {isa = PBXBuildFile; fileRef = E932E29B16CBCE89001D70F9 /* CoreGraphics.framework */; };
		E932E2A216CBCE89001D70F9 /* InfoPlist.strings in Resources */ = {isa = PBXBuildFile; fileRef = E932E2A016CBCE89001D70F9 /* InfoPlist.strings */; };
		E932E2A416CBCE89001D70F9 /* main.m in Sources */ = {isa = PBXBuildFile; fileRef = E932E2A316CBCE89001D70F9 /* main.m */; };
		E932E2A816CBCE89001D70F9 /* AppDelegate.m in Sources */ = {isa = PBXBuildFile; fileRef = E932E2A716CBCE89001D70F9 /* AppDelegate.m */; };
		E932E2AA16CBCE89001D70F9 /* Default.png in Resources */ = {isa = PBXBuildFile; fileRef = E932E2A916CBCE89001D70F9 /* Default.png */; };
		E932E2AC16CBCE89001D70F9 /* Default@2x.png in Resources */ = {isa = PBXBuildFile; fileRef = E932E2AB16CBCE89001D70F9 /* Default@2x.png */; };
		E932E2AE16CBCE89001D70F9 /* Default-568h@2x.png in Resources */ = {isa = PBXBuildFile; fileRef = E932E2AD16CBCE89001D70F9 /* Default-568h@2x.png */; };
		E932E2B116CBCE89001D70F9 /* ViewController.m in Sources */ = {isa = PBXBuildFile; fileRef = E932E2B016CBCE89001D70F9 /* ViewController.m */; };
		E932E2B416CBCE89001D70F9 /* ViewController.xib in Resources */ = {isa = PBXBuildFile; fileRef = E932E2B216CBCE89001D70F9 /* ViewController.xib */; };
/* End PBXBuildFile section */

/* Begin PBXFileReference section */
		E932E29416CBCE89001D70F9 /* TJAlertView.app */ = {isa = PBXFileReference; explicitFileType = wrapper.application; includeInIndex = 0; path = TJAlertView.app; sourceTree = BUILT_PRODUCTS_DIR; };
		E932E29716CBCE89001D70F9 /* UIKit.framework */ = {isa = PBXFileReference; lastKnownFileType = wrapper.framework; name = UIKit.framework; path = System/Library/Frameworks/UIKit.framework; sourceTree = SDKROOT; };
		E932E29916CBCE89001D70F9 /* Foundation.framework */ = {isa = PBXFileReference; lastKnownFileType = wrapper.framework; name = Foundation.framework; path = System/Library/Frameworks/Foundation.framework; sourceTree = SDKROOT; };
		E932E29B16CBCE89001D70F9 /* CoreGraphics.framework */ = {isa = PBXFileReference; lastKnownFileType = wrapper.framework; name = CoreGraphics.framework; path = System/Library/Frameworks/CoreGraphics.framework; sourceTree = SDKROOT; };
		E932E29F16CBCE89001D70F9 /* TJAlertView-Info.plist */ = {isa = PBXFileReference; lastKnownFileType = text.plist.xml; path = "TJAlertView-Info.plist"; sourceTree = "<group>"; };
		E932E2A116CBCE89001D70F9 /* en */ = {isa = PBXFileReference; lastKnownFileType = text.plist.strings; name = en; path = en.lproj/InfoPlist.strings; sourceTree = "<group>"; };
		E932E2A316CBCE89001D70F9 /* main.m */ = {isa = PBXFileReference; lastKnownFileType = sourcecode.c.objc; path = main.m; sourceTree = "<group>"; };
		E932E2A516CBCE89001D70F9 /* TJAlertView-Prefix.pch */ = {isa = PBXFileReference; lastKnownFileType = sourcecode.c.h; path = "TJAlertView-Prefix.pch"; sourceTree = "<group>"; };
		E932E2A616CBCE89001D70F9 /* AppDelegate.h */ = {isa = PBXFileReference; lastKnownFileType = sourcecode.c.h; path = AppDelegate.h; sourceTree = "<group>"; };
		E932E2A716CBCE89001D70F9 /* AppDelegate.m */ = {isa = PBXFileReference; lastKnownFileType = sourcecode.c.objc; path = AppDelegate.m; sourceTree = "<group>"; };
		E932E2A916CBCE89001D70F9 /* Default.png */ = {isa = PBXFileReference; lastKnownFileType = image.png; path = Default.png; sourceTree = "<group>"; };
		E932E2AB16CBCE89001D70F9 /* Default@2x.png */ = {isa = PBXFileReference; lastKnownFileType = image.png; path = "Default@2x.png"; sourceTree = "<group>"; };
		E932E2AD16CBCE89001D70F9 /* Default-568h@2x.png */ = {isa = PBXFileReference; lastKnownFileType = image.png; path = "Default-568h@2x.png"; sourceTree = "<group>"; };
		E932E2AF16CBCE89001D70F9 /* ViewController.h */ = {isa = PBXFileReference; lastKnownFileType = sourcecode.c.h; path = ViewController.h; sourceTree = "<group>"; };
		E932E2B016CBCE89001D70F9 /* ViewController.m */ = {isa = PBXFileReference; lastKnownFileType = sourcecode.c.objc; path = ViewController.m; sourceTree = "<group>"; };
		E932E2B316CBCE89001D70F9 /* en */ = {isa = PBXFileReference; lastKnownFileType = file.xib; name = en; path = en.lproj/ViewController.xib; sourceTree = "<group>"; };
/* End PBXFileReference section */

/* Begin PBXFrameworksBuildPhase section */
		E932E29116CBCE89001D70F9 /* Frameworks */ = {
			isa = PBXFrameworksBuildPhase;
			buildActionMask = 2147483647;
			files = (
				E932E29816CBCE89001D70F9 /* UIKit.framework in Frameworks */,
				E932E29A16CBCE89001D70F9 /* Foundation.framework in Frameworks */,
				E932E29C16CBCE89001D70F9 /* CoreGraphics.framework in Frameworks */,
			);
			runOnlyForDeploymentPostprocessing = 0;
		};
/* End PBXFrameworksBuildPhase section */

/* Begin PBXGroup section */
		E932E28B16CBCE89001D70F9 = {
			isa = PBXGroup;
			children = (
				E932E29D16CBCE89001D70F9 /* TJAlertView */,
				E932E29616CBCE89001D70F9 /* Frameworks */,
				E932E29516CBCE89001D70F9 /* Products */,
			);
			sourceTree = "<group>";
		};
		E932E29516CBCE89001D70F9 /* Products */ = {
			isa = PBXGroup;
			children = (
				E932E29416CBCE89001D70F9 /* TJAlertView.app */,
			);
			name = Products;
			sourceTree = "<group>";
		};
		E932E29616CBCE89001D70F9 /* Frameworks */ = {
			isa = PBXGroup;
			children = (
				E932E29716CBCE89001D70F9 /* UIKit.framework */,
				E932E29916CBCE89001D70F9 /* Foundation.framework */,
				E932E29B16CBCE89001D70F9 /* CoreGraphics.framework */,
			);
			name = Frameworks;
			sourceTree = "<group>";
		};
		E932E29D16CBCE89001D70F9 /* TJAlertView */ = {
			isa = PBXGroup;
			children = (
				E932E2A616CBCE89001D70F9 /* AppDelegate.h */,
				E932E2A716CBCE89001D70F9 /* AppDelegate.m */,
				E932E2AF16CBCE89001D70F9 /* ViewController.h */,
				E932E2B016CBCE89001D70F9 /* ViewController.m */,
				E932E2B216CBCE89001D70F9 /* ViewController.xib */,
				E932E29E16CBCE89001D70F9 /* Supporting Files */,
			);
			path = TJAlertView;
			sourceTree = "<group>";
		};
		E932E29E16CBCE89001D70F9 /* Supporting Files */ = {
			isa = PBXGroup;
			children = (
				E932E29F16CBCE89001D70F9 /* TJAlertView-Info.plist */,
				E932E2A016CBCE89001D70F9 /* InfoPlist.strings */,
				E932E2A316CBCE89001D70F9 /* main.m */,
				E932E2A516CBCE89001D70F9 /* TJAlertView-Prefix.pch */,
				E932E2A916CBCE89001D70F9 /* Default.png */,
				E932E2AB16CBCE89001D70F9 /* Default@2x.png */,
				E932E2AD16CBCE89001D70F9 /* Default-568h@2x.png */,
			);
			name = "Supporting Files";
			sourceTree = "<group>";
		};
/* End PBXGroup section */

/* Begin PBXNativeTarget section */
		E932E29316CBCE89001D70F9 /* TJAlertView */ = {
			isa = PBXNativeTarget;
			buildConfigurationList = E932E2B716CBCE89001D70F9 /* Build configuration list for PBXNativeTarget "TJAlertView" */;
			buildPhases = (
				E932E29016CBCE89001D70F9 /* Sources */,
				E932E29116CBCE89001D70F9 /* Frameworks */,
				E932E29216CBCE89001D70F9 /* Resources */,
			);
			buildRules = (
			);
			dependencies = (
			);
			name = TJAlertView;
			productName = TJAlertView;
			productReference = E932E29416CBCE89001D70F9 /* TJAlertView.app */;
			productType = "com.apple.product-type.application";
		};
/* End PBXNativeTarget section */

/* Begin PBXProject section */
		E932E28C16CBCE89001D70F9 /* Project object */ = {
			isa = PBXProject;
			attributes = {
				LastUpgradeCheck = 0460;
				ORGANIZATIONNAME = "Thomas Joulin";
			};
			buildConfigurationList = E932E28F16CBCE89001D70F9 /* Build configuration list for PBXProject "TJAlertView" */;
			compatibilityVersion = "Xcode 3.2";
			developmentRegion = English;
			hasScannedForEncodings = 0;
			knownRegions = (
				en,
			);
			mainGroup = E932E28B16CBCE89001D70F9;
			productRefGroup = E932E29516CBCE89001D70F9 /* Products */;
			projectDirPath = "";
			projectRoot = "";
			targets = (
				E932E29316CBCE89001D70F9 /* TJAlertView */,
			);
		};
/* End PBXProject section */

/* Begin PBXResourcesBuildPhase section */
		E932E29216CBCE89001D70F9 /* Resources */ = {
			isa = PBXResourcesBuildPhase;
			buildActionMask = 2147483647;
			files = (
				E932E2A216CBCE89001D70F9 /* InfoPlist.strings in Resources */,
				E932E2AA16CBCE89001D70F9 /* Default.png in Resources */,
				E932E2AC16CBCE89001D70F9 /* Default@2x.png in Resources */,
				E932E2AE16CBCE89001D70F9 /* Default-568h@2x.png in Resources */,
				E932E2B416CBCE89001D70F9 /* ViewController.xib in Resources */,
			);
			runOnlyForDeploymentPostprocessing = 0;
		};
/* End PBXResourcesBuildPhase section */

/* Begin PBXSourcesBuildPhase section */
		E932E29016CBCE89001D70F9 /* Sources */ = {
			isa = PBXSourcesBuildPhase;
			buildActionMask = 2147483647;
			files = (
				E932E2A416CBCE89001D70F9 /* main.m in Sources */,
				E932E2A816CBCE89001D70F9 /* AppDelegate.m in Sources */,
				E932E2B116CBCE89001D70F9 /* ViewController.m in Sources */,
			);
			runOnlyForDeploymentPostprocessing = 0;
		};
/* End PBXSourcesBuildPhase section */

/* Begin PBXVariantGroup section */
		E932E2A016CBCE89001D70F9 /* InfoPlist.strings */ = {
			isa = PBXVariantGroup;
			children = (
				E932E2A116CBCE89001D70F9 /* en */,
			);
			name = InfoPlist.strings;
			sourceTree = "<group>";
		};
		E932E2B216CBCE89001D70F9 /* ViewController.xib */ = {
			isa = PBXVariantGroup;
			children = (
				E932E2B316CBCE89001D70F9 /* en */,
			);
			name = ViewController.xib;
			sourceTree = "<group>";
		};
/* End PBXVariantGroup section */

/* Begin XCBuildConfiguration section */
		E932E2B516CBCE89001D70F9 /* Debug */ = {
			isa = XCBuildConfiguration;
			buildSettings = {
				ALWAYS_SEARCH_USER_PATHS = NO;
				CLANG_CXX_LANGUAGE_STANDARD = "gnu++0x";
				CLANG_CXX_LIBRARY = "libc++";
				CLANG_ENABLE_OBJC_ARC = YES;
				CLANG_WARN_CONSTANT_CONVERSION = YES;
				CLANG_WARN_EMPTY_BODY = YES;
				CLANG_WARN_ENUM_CONVERSION = YES;
				CLANG_WARN_INT_CONVERSION = YES;
				CLANG_WARN__DUPLICATE_METHOD_MATCH = YES;
				"CODE_SIGN_IDENTITY[sdk=iphoneos*]" = "iPhone Developer";
				COPY_PHASE_STRIP = NO;
				GCC_C_LANGUAGE_STANDARD = gnu99;
				GCC_DYNAMIC_NO_PIC = NO;
				GCC_OPTIMIZATION_LEVEL = 0;
				GCC_PREPROCESSOR_DEFINITIONS = (
					"DEBUG=1",
					"$(inherited)",
				);
				GCC_SYMBOLS_PRIVATE_EXTERN = NO;
				GCC_WARN_ABOUT_RETURN_TYPE = YES;
				GCC_WARN_UNINITIALIZED_AUTOS = YES;
				GCC_WARN_UNUSED_VARIABLE = YES;
				IPHONEOS_DEPLOYMENT_TARGET = 6.1;
				ONLY_ACTIVE_ARCH = YES;
				SDKROOT = iphoneos;
			};
			name = Debug;
		};
		E932E2B616CBCE89001D70F9 /* Release */ = {
			isa = XCBuildConfiguration;
			buildSettings = {
				ALWAYS_SEARCH_USER_PATHS = NO;
				CLANG_CXX_LANGUAGE_STANDARD = "gnu++0x";
				CLANG_CXX_LIBRARY = "libc++";
				CLANG_ENABLE_OBJC_ARC = YES;
				CLANG_WARN_CONSTANT_CONVERSION = YES;
				CLANG_WARN_EMPTY_BODY = YES;
				CLANG_WARN_ENUM_CONVERSION = YES;
				CLANG_WARN_INT_CONVERSION = YES;
				CLANG_WARN__DUPLICATE_METHOD_MATCH = YES;
				"CODE_SIGN_IDENTITY[sdk=iphoneos*]" = "iPhone Developer";
				COPY_PHASE_STRIP = YES;
				GCC_C_LANGUAGE_STANDARD = gnu99;
				GCC_WARN_ABOUT_RETURN_TYPE = YES;
				GCC_WARN_UNINITIALIZED_AUTOS = YES;
				GCC_WARN_UNUSED_VARIABLE = YES;
				IPHONEOS_DEPLOYMENT_TARGET = 6.1;
				OTHER_CFLAGS = "-DNS_BLOCK_ASSERTIONS=1";
				SDKROOT = iphoneos;
				VALIDATE_PRODUCT = YES;
			};
			name = Release;
		};
		E932E2B816CBCE89001D70F9 /* Debug */ = {
			isa = XCBuildConfiguration;
			buildSettings = {
				GCC_PRECOMPILE_PREFIX_HEADER = YES;
				GCC_PREFIX_HEADER = "TJAlertView/TJAlertView-Prefix.pch";
				INFOPLIST_FILE = "TJAlertView/TJAlertView-Info.plist";
				PRODUCT_NAME = "$(TARGET_NAME)";
				WRAPPER_EXTENSION = app;
			};
			name = Debug;
		};
		E932E2B916CBCE89001D70F9 /* Release */ = {
			isa = XCBuildConfiguration;
			buildSettings = {
				GCC_PRECOMPILE_PREFIX_HEADER = YES;
				GCC_PREFIX_HEADER = "TJAlertView/TJAlertView-Prefix.pch";
				INFOPLIST_FILE = "TJAlertView/TJAlertView-Info.plist";
				PRODUCT_NAME = "$(TARGET_NAME)";
				WRAPPER_EXTENSION = app;
			};
			name = Release;
		};
/* End XCBuildConfiguration section */

/* Begin XCConfigurationList section */
		E932E28F16CBCE89001D70F9 /* Build configuration list for PBXProject "TJAlertView" */ = {
			isa = XCConfigurationList;
			buildConfigurations = (
				E932E2B516CBCE89001D70F9 /* Debug */,
				E932E2B616CBCE89001D70F9 /* Release */,
			);
			defaultConfigurationIsVisible = 0;
			defaultConfigurationName = Release;
		};
		E932E2B716CBCE89001D70F9 /* Build configuration list for PBXNativeTarget "TJAlertView" */ = {
			isa = XCConfigurationList;
			buildConfigurations = (
				E932E2B816CBCE89001D70F9 /* Debug */,
				E932E2B916CBCE89001D70F9 /* Release */,
			);
			defaultConfigurationIsVisible = 0;
		};
/* End XCConfigurationList section */
	};
	rootObject = E932E28C16CBCE89001D70F9 /* Project object */;
}
